github.com/Ahmad-Ibra/advent-of-code-2020 v0.0.0-20201206225338-d21bd832b6c5 h1:j5y9CysDVb9Wgzx0wx5bcZ2KHqPw/OxUnF0jRbh5u9w=
github.com/Ahmad-Ibra/advent-of-code-2020 v0.0.0-20201206225338-d21bd832b6c5/go.mod h1:9w9VWWSfu9tSSf8r+DT4IKzlVIpaYH6j+j2O8KANx3A=
github.com/Ahmad-Ibra/advent-of-code-2020/panicer v0.0.0-20201206234352-75a4ea041040 h1:4Pcj26jRadS6WiJWqyqehF6bdrj5d9iQm9764GC3SyQ=
github.com/Ahmad-Ibra/advent-of-code-2020/panicer v0.0.0-20201206234352-75a4ea041040/go.mod h1:HDk4t11ggG9a2sjVj6TiINUXVMvmhO6vLGjzvgQkN2o=
