github.com/Ahmad-Ibra/advent-of-code-2020/input v0.0.0-20201207000154-081a8bcc7eaf h1:XEQDft/8er5W/KYFiwqtiK5Vp8AABQJk1i6NYgcNMb0=
github.com/Ahmad-Ibra/advent-of-code-2020/input v0.0.0-20201207000154-081a8bcc7eaf/go.mod h1:RFBbP+tsPW/ZJ/4ytNB1Ehl5cYWEQDZYVpcSDLH+jw8=
github.com/Ahmad-Ibra/advent-of-code-2020/panicer v0.0.0-20201206234352-75a4ea041040/go.mod h1:HDk4t11ggG9a2sjVj6TiINUXVMvmhO6vLGjzvgQkN2o=
github.com/Ahmad-Ibra/advent-of-code-2020/panicer v0.0.0-20201206235045-a4436a501286 h1:6V3I8n5ObIvAV55lOzElCjS87SXdO4C7itTERihXoxA=
github.com/Ahmad-Ibra/advent-of-code-2020/panicer v0.0.0-20201206235045-a4436a501286/go.mod h1:HDk4t11ggG9a2sjVj6TiINUXVMvmhO6vLGjzvgQkN2o=
